github.com/200sc/bebop v0.5.0 h1:3dmQNCw4SZaik5E6eUbrwWzJDWi21W2v9MR5ehHSw8c=
github.com/200sc/bebop v0.5.0/go.mod h1:4be7DOSfft4lpk3dMfE0mSAF8+ri00t5tdMHbw2oicE=
github.com/alecthomas/binary v0.0.0-20221018225505-74871811ee56 h1:CXWdlGkIdY4W1KGym1dFxwzRrLhneeonNSOwrhuhwQM=
github.com/alecthomas/binary v0.0.0-20221018225505-74871811ee56/go.mod h1:v4e05/vzE8ubOim1No9Xx5eIQ/WRq6AtcnQIy/Z/JPs=
github.com/calmh/xdr v1.1.0 h1:U/Dd4CXNLoo8EiQ4ulJUXkgO1/EyQLgDKLgpY1SOoJE=
github.com/calmh/xdr v1.1.0/go.mod h1:E8sz2ByAdXC8MbANf1LCRYzedSnnc+/sXXJs/PVqoeg=
github.com/coreos/go-systemd/v22 v22.5.0/go.mod h1:Y58oyj3AT4RCenI/lSvhwexgC+NSVTIJ3seZv2GcEnc=
github.com/davecgh/go-spew v0.0.0-20161028175848-04cdfd42973b/go.mod h1:J7Y8YcW2NihsgmVo/mv3lAwl/skON4iLHjSsI+c5H38=
github.com/davecgh/go-spew v1.1.1 h1:vj9j/u1bqnvCEfJOwUhtlOARqs3+rkHYY13jYWTU97c=
github.com/davecgh/go-spew v1.1.1/go.mod h1:J7Y8YcW2NihsgmVo/mv3lAwl/skON4iLHjSsI+c5H38=
github.com/deneonet/benc v1.0.2 h1:p3rcnKMie8f4LvMTygfvneho0ujjyzSDSNmuAlcYAok=
github.com/deneonet/benc v1.0.2/go.mod h1:ntFdkYD1YoHgEIG7iRGU/XmnZE3D9trlQKVX4ZEya5A=
github.com/glycerine/go-capnproto v0.0.0-20190118050403-2d07de3aa7fc h1:n3B+IEq6eyDBQEDkWQRu2YLBQgoDFxFaYwZVJ7JZsYE=
github.com/glycerine/go-capnproto v0.0.0-20190118050403-2d07de3aa7fc/go.mod h1:m3T7EePpPioSh7P8N3aSNn/4t4TuXYhnJxQF3KXAbSg=
github.com/glycerine/rbtree v0.0.0-20190406191118-ceb71889d809 h1:wBr8MeUUS+Xi4oweFspffWBlDw8s1rGmRBwM4fUjxrc=
github.com/glycerine/rbtree v0.0.0-20190406191118-ceb71889d809/go.mod h1:tf1G9WLJXoNEQ5TWYvCSkqsOepuCNCJebECwJ/B/64I=
github.com/godbus/dbus/v5 v5.0.4/go.mod h1:xhWf0FNVPg57R7Z0UbKHbJfkEywrmjJnf7w5xrFpKfA=
github.com/gogo/protobuf v1.3.2 h1:Ov1cvc58UF3b5XjBnZv7+opcTcQFZebYjWzi34vdm4Q=
github.com/gogo/protobuf v1.3.2/go.mod h1:P1XiOD3dCwIKUDQYPy72D8LYyHL2YPYrpS2s69NZV8Q=
github.com/golang/snappy v0.0.4 h1:yAGX7huGHXlcLOEtBnF4w7FQwA26wojNCwOYAEhLjQM=
github.com/golang/snappy v0.0.4/go.mod h1:/XxbfmMg8lxefKM7IXC3fBNl/7bRcc72aCRzEWrmP2Q=
github.com/google/flatbuffers v23.1.21+incompatible h1:bUqzx/MXCDxuS0hRJL2EfjyZL3uQrPbMocUa8zGqsTA=
github.com/google/flatbuffers v23.1.21+incompatible/go.mod h1:1AeVuKshWv4vARoZatz6mlQ0JxURH0Kv5+zNeJKJCa8=
github.com/google/uuid v1.3.1 h1:KjJaJ9iWZ3jOFZIf1Lqf4laDRCasjl0BCmnEGxkdLb4=
github.com/google/uuid v1.3.1/go.mod h1:TIyPZe4MgqvfeYDBFedMoGGpEw/LqOeaOT+nhxU+yHo=
github.com/gorilla/websocket v1.4.2 h1:+/TMaTYc4QFitKJxsQ7Yye35DkWvkdLcvGKqM+x0Ufc=
github.com/gorilla/websocket v1.4.2/go.mod h1:YR8l580nyteQvAITg2hZ9XVh4b55+EU/adAjf1fMHhE=
github.com/hprose/hprose-go v0.0.0-20161031134501-83de97da5004 h1:hr/K705SMVUpLDmb67KpTxstic+27xJ69tHL4f9VmiI=
github.com/hprose/hprose-go v0.0.0-20161031134501-83de97da5004/go.mod h1:Gy/LQeA+0cY0XHdkdjbTDhP41s1DTCPApEmeScEiAco=
github.com/hprose/hprose-golang v2.0.4+incompatible h1:xUZLSShgv5+KCfK3RCsac8DyWKxBPt9hH3KK3TA1f0c=
github.com/hprose/hprose-golang v2.0.4+incompatible/go.mod h1:FfwwCUQFF3f5t03SrzdSghXVZkC01uEJS6Xwzcz0NOo=
github.com/ikkerens/ikeapack v1.5.1 h1:1fW1eazVsY4/ZTvP14JVxzllfeeRGMBrFEbkhJpxRD0=
github.com/ikkerens/ikeapack v1.5.1/go.mod h1:LeFYIQ/VyvJZrwLoDZ46NJTiUrjjlo/4T0bRmxUS20I=
github.com/josharian/intern v1.0.0 h1:vlS4z54oSdjm0bgjRigI+G1HpF+tI+9rE5LLzOg8HmY=
github.com/josharian/intern v1.0.0/go.mod h1:5DoeVV0s6jJacbCEi61lwdGj/aVlrQvzHFFd8Hwg//Y=
github.com/json-iterator/go v1.1.12 h1:PV8peI4a0ysnczrg+LtxykD8LfKY9ML6u2jnxaEnrnM=
github.com/json-iterator/go v1.1.12/go.mod h1:e30LSqwooZae/UwlEbR2852Gd8hjQvJoHmT4TnhNGBo=
github.com/libp2p/go-buffer-pool v0.1.0 h1:oK4mSFcQz7cTQIfqbe4MIj9gLW+mnanjyFtc6cdF0Y8=
github.com/libp2p/go-buffer-pool v0.1.0/go.mod h1:N+vh8gMqimBzdKkSMVuydVDq+UV5QTWy5HSiZacSbPg=
github.com/linkedin/goavro v1.0.5 h1:6ds0AI8upkEoafDk0a5r9q1p/xRtMq47jCilZYEqbmg=
github.com/linkedin/goavro v1.0.5/go.mod h1:bBCwI2eGYpUI/4820s67MElg9tdeLbINjLjiM2xZFYM=
github.com/mailru/easyjson v0.7.7 h1:UGYAvKxe3sBsEDzO8ZeWOSlIQfWFlxbzLZe7hwFURr0=
github.com/mailru/easyjson v0.7.7/go.mod h1:xzfreul335JAWq5oZzymOObrkdz5UnU4kGfJJLY9Nlc=
github.com/mattn/go-colorable v0.1.13 h1:fFA4WZxdEF4tXPZVKMLwD8oUnCTTo08duU7wxecdEvA=
github.com/mattn/go-colorable v0.1.13/go.mod h1:7S9/ev0klgBDR4GtXTXX8a3vIGJpMovkB8vQcUbaXHg=
github.com/mattn/go-isatty v0.0.16/go.mod h1:kYGgaQfpe5nmfYZH+SKPsOc2e4SrIfOl2e/yFXSvRLM=
github.com/mattn/go-isatty v0.0.19 h1:JITubQf0MOLdlGRuRq+jtsDlekdYPia9ZFsB8h/APPA=
github.com/mattn/go-isatty v0.0.19/go.mod h1:W+V8PltTTMOvKvAeJH7IuucS94S2C6jfK/D7dTCTo3Y=
github.com/minio/sha256-simd v0.1.0 h1:U41/2erhAKcmSI14xh/ZTUdBPOzDOIfS93ibzUSl8KM=
github.com/minio/sha256-simd v0.1.0/go.mod h1:2FMWW+8GMoPweT6+pI63m9YE3Lmw4J71hV56Chs1E/U=
github.com/modern-go/concurrent v0.0.0-20180306012644-bacd9c7ef1dd h1:TRLaZ9cD/w8PVh93nsPXa1VrQ6jlwL5oN8l14QlcNfg=
github.com/modern-go/concurrent v0.0.0-20180306012644-bacd9c7ef1dd/go.mod h1:6dJC0mAP4ikYIbvyc7fijjWJddQyLn8Ig3JB5CqoB9Q=
github.com/modern-go/reflect2 v1.0.2 h1:xBagoLtFs94CBntxluKeaWgTMpvLxC4ur3nMaC9Gz0M=
github.com/modern-go/reflect2 v1.0.2/go.mod h1:yWuevngMOJpCy52FWWMvUC8ws7m/LJsjYzDa0/r8luk=
github.com/mus-format/mus-common-go v0.0.0-20230426111652-d1324c6517b3 h1:iGDJid8cb5Yt/pa1M/JEMC8u+Zkzv3WU6AKNOHtY/14=
github.com/mus-format/mus-common-go v0.0.0-20230426111652-d1324c6517b3/go.mod h1:sL9Q5xrbsrFJ0WQRvf7/Ji1ljR3p8TrywHj0hQBscsc=
github.com/mus-format/mus-go v0.0.0-20230426134740-6572513fca3d h1:/FqtbOoougvCbsp769ZZxgN3Pj/fepBAr4ETQXM+uwQ=
github.com/mus-format/mus-go v0.0.0-20230426134740-6572513fca3d/go.mod h1:zdDnTFri6XqdQVRTE/HuGnmn+/3c3a0ODNUsw+9SXS8=
github.com/nazarifard/fastape v0.0.0-20240701091219-24b4965645ac h1:R7r6gf/KxgRv+7Frt3M1RvkDsNUT+8ESxR3gxACDjk8=
github.com/nazarifard/fastape v0.0.0-20240701091219-24b4965645ac/go.mod h1:F54tpGg4uMgsYNUqD07iNENNGcS2GJobr+td/iZ5Xm4=
github.com/nazarifard/marshaltap v0.0.0-20240617060120-398e958f6f21 h1:5nCTwcf3sDA/eNy0LgRx5MEHTQ5341Egm031WJW2D90=
github.com/nazarifard/marshaltap v0.0.0-20240617060120-398e958f6f21/go.mod h1:PyHCkLoYCMCWGFitzIjFV4EUXk8LtcAyz7eDAfUfgLY=
github.com/nazarifard/syncpool v0.0.0-20240613052038-6a4f565d052d h1:Qj/4Odmainro/UKPAWtxwfZJ3hhTddj9oE/4SgulPAk=
github.com/nazarifard/syncpool v0.0.0-20240613052038-6a4f565d052d/go.mod h1:6jsXD5qqHuYLJE+iVr7ICvzFD5pm7P1un7V5QmJi9o8=
github.com/philhofer/fwd v1.1.2 h1:bnDivRJ1EWPjUIRXV5KfORO897HTbpFAQddBdE8t7Gw=
github.com/philhofer/fwd v1.1.2/go.mod h1:qkPdfjR2SIEbspLqpe1tO4n5yICnr2DY7mqEx2tUTP0=
github.com/pkg/errors v0.9.1 h1:FEBLx1zS214owpjy7qsBeixbURkuhQAwrK5UwLGTwt4=
github.com/pkg/errors v0.9.1/go.mod h1:bwawxfHBFNV+L2hUp1rHADufV3IMtnDRdf1r5NINEl0=
github.com/pmezard/go-difflib v0.0.0-20151028094244-d8ed2627bdf0/go.mod h1:iKH77koFhYxTK1pcRnkKkqfTogsbg7gZNVY4sRDYZ/4=
github.com/pmezard/go-difflib v1.0.0 h1:4DBwDE0NGyQoBHbLQYPwSUPoCMWR5BEzIk/f1lZbAQM=
github.com/pmezard/go-difflib v1.0.0/go.mod h1:iKH77koFhYxTK1pcRnkKkqfTogsbg7gZNVY4sRDYZ/4=
github.com/protolambda/zssz v0.1.1 h1:+8218akU8R1E4PFK6NtQUQz1lCO1Lt2cAD6nnXZ3SV8=
github.com/protolambda/zssz v0.1.1/go.mod h1:a4iwOX5FE7/JkKA+J/PH0Mjo9oXftN6P8NZyL28gpag=
github.com/prysmaticlabs/go-bitfield v0.0.0-20190825002834-fb724e897364 h1:WA0uIf1QcYF0fdGWg+Zl/a3Z1r2aMwptQgKiI/R4RkU=
github.com/prysmaticlabs/go-bitfield v0.0.0-20190825002834-fb724e897364/go.mod h1:hCwmef+4qXWjv0jLDbQdWnL0Ol7cS7/lCSS26WR+u6s=
github.com/prysmaticlabs/go-ssz v0.0.0-20190827151743-72881c4223d8 h1:EzplWlL5UtR5voNjaIhJbdMCsE34ElvWp5BxtMhCTN8=
github.com/prysmaticlabs/go-ssz v0.0.0-20190827151743-72881c4223d8/go.mod h1:VecIJZrewdAuhVckySLFt2wAAHRME934bSDurP8ftkc=
github.com/rs/xid v1.5.0/go.mod h1:trrq9SKmegXys3aeAKXMUTdJsYXVwGY3RLcfgqegfbg=
github.com/rs/zerolog v1.33.0 h1:1cU2KZkvPxNyfgEmhHAz/1A9Bz+llsdYzklWFzgp0r8=
github.com/rs/zerolog v1.33.0/go.mod h1:/7mN4D5sKwJLZQ2b/znpjC3/GQWY/xaDXUM0kKWRHss=
github.com/sanity-io/litter v1.5.5 h1:iE+sBxPBzoK6uaEP5Lt3fHNgpKcHXc/A2HGETy0uJQo=
github.com/sanity-io/litter v1.5.5/go.mod h1:9gzJgR2i4ZpjZHsKvUXIRQVk7P+yM3e+jAF7bU2UI5U=
github.com/stretchr/testify v0.0.0-20161117074351-18a02ba4a312/go.mod h1:a8OnRcib4nhh0OaRAV+Yts87kKdq0PP7pXfy6kDkUVs=
github.com/stretchr/testify v1.9.0 h1:HtqpIVDClZ4nwg75+f6Lvsy/wHu+3BoSGCbBAcpTsTg=
github.com/stretchr/testify v1.9.0/go.mod h1:r2ic/lqez/lEtzL7wO/rwa5dbSLXVDPFyf8C91i36aY=
github.com/tinylib/msgp v1.1.8 h1:FCXC1xanKO4I8plpHGH2P7koL/RzZs12l/+r7vakfm0=
github.com/tinylib/msgp v1.1.8/go.mod h1:qkpG+2ldGg4xRFmx+jfTvZPxfGFhi64BcnL9vkCm/Tw=
github.com/valyala/bytebufferpool v1.0.0 h1:GqA5TC/0021Y/b9FG4Oi9Mr3q7XYx6KllzawFIhcdPw=
github.com/valyala/bytebufferpool v1.0.0/go.mod h1:6bBcMArwyJ5K/AmCkWv1jt77kVWyCJ6HpOuEn7z0Csc=
github.com/valyala/fastjson v1.6.4 h1:uAUNq9Z6ymTgGhcm0UynUAB6tlbakBrz6CQFax3BXVQ=
github.com/valyala/fastjson v1.6.4/go.mod h1:CLCAqky6SMuOcxStkYQvblddUtoRxhYMGLrsQns1aXY=
go.mongodb.org/mongo-driver v1.15.0 h1:rJCKC8eEliewXjZGf0ddURtl7tTVy1TK3bfl0gkUSLc=
go.mongodb.org/mongo-driver v1.15.0/go.mod h1:Vzb0Mk/pa7e6cWw85R4F/endUC3u0U9jGcNU603k65c=
go.uber.org/zap v1.27.0 h1:aJMhYGrd5QSmlpLMr2MftRKl7t8J8PTZPA732ud/XR8=
go.uber.org/zap v1.27.0/go.mod h1:GB2qFLM7cTU87MWRP2mPIjqfIDnGu+VIO4V/SdhGo2E=
golang.org/x/exp v0.0.0-20240613232115-7f521ea00fb8 h1:yixxcjnhBmY0nkL253HFVIm0JsFHwrHdT3Yh6szTnfY=
golang.org/x/exp v0.0.0-20240613232115-7f521ea00fb8/go.mod h1:jj3sYF3dwk5D+ghuXyeI3r5MFf+NT2An6/9dOA95KSI=
golang.org/x/sys v0.0.0-20220811171246-fbc7d0a398ab/go.mod h1:oPkhp1MJrh7nUepCBck5+mAzfO9JrbApNNgaTdGDITg=
golang.org/x/sys v0.6.0/go.mod h1:oPkhp1MJrh7nUepCBck5+mAzfO9JrbApNNgaTdGDITg=
golang.org/x/sys v0.12.0/go.mod h1:oPkhp1MJrh7nUepCBck5+mAzfO9JrbApNNgaTdGDITg=
golang.org/x/sys v0.14.0 h1:Vz7Qs629MkJkGyHxUlRHizWJRG2j8fbQKjELVSNhy7Q=
golang.org/x/sys v0.14.0/go.mod h1:/VUhepiaJMQUp4+oa/7Zr1D23ma6VTLIYjOOTFZPUcA=
gopkg.in/yaml.v3 v3.0.1 h1:fxVm/GzAzEWqLHuvctI91KS9hhNmmWOoWu0XTYJS7CA=
gopkg.in/yaml.v3 v3.0.1/go.mod h1:K4uyk7z7BCEPqu6E+C64Yfv1cQ7kz7rIZviUmN+EgEM=
wellquite.org/bebop v0.0.0-20231109192402-a92af83691ec h1:3j/3/IhEeN/0RznBr02KK4HcI99hH3EmszBsYSDTIe8=
wellquite.org/bebop v0.0.0-20231109192402-a92af83691ec/go.mod h1:Q/g7VwYAUv9QrjR2BIxSA25YarXMDGDPa8lrLAJx9UI=
